
Microsoft Visual Studio Solution File, Format Version 12.00
# Visual Studio Version 16
VisualStudioVersion = 16.0.29001.49
MinimumVisualStudioVersion = 10.0.40219.1
Project("{FAE04EC0-301F-11D3-BF4B-00C04F79EFBC}") = "hello world", "hello world\hello world.csproj", "{623255CF-3031-4B52-BE82-2957DB5581E3}"
EndProject
Global
	GlobalSection(SolutionConfigurationPlatforms) = preSolution
		Debug|Any CPU = Debug|Any CPU
		Release|Any CPU = Release|Any CPU
	EndGlobalSection
	GlobalSection(ProjectConfigurationPlatforms) = postSolution
		{623255CF-3031-4B52-BE82-2957DB5581E3}.Debug|Any CPU.ActiveCfg = Debug|Any CPU
		{623255CF-3031-4B52-BE82-2957DB5581E3}.Debug|Any CPU.Build.0 = Debug|Any CPU
		{623255CF-3031-4B52-BE82-2957DB5581E3}.Release|Any CPU.ActiveCfg = Release|Any CPU
		{623255CF-3031-4B52-BE82-2957DB5581E3}.Release|Any CPU.Build.0 = Release|Any CPU
	EndGlobalSection
	GlobalSection(SolutionProperties) = preSolution
		HideSolutionNode = FALSE
	EndGlobalSection
	GlobalSection(ExtensibilityGlobals) = postSolution
		SolutionGuid = {3E1D5054-B6B8-490A-997D-2C982CA48BCB}
	EndGlobalSection
EndGlobal
